
Microsoft Visual Studio Solution File, Format Version 12.00
# Visual Studio Version 17
VisualStudioVersion = 17.2.32505.173
MinimumVisualStudioVersion = 10.0.40219.1
Project("{9A19103F-16F7-4668-BE54-9A1E7A4F7556}") = "Rss фидер", "Rss фидер\Rss фидер.csproj", "{6B9E7B7F-6F34-4145-A57A-6C710DA61D87}"
EndProject
Global
	GlobalSection(SolutionConfigurationPlatforms) = preSolution
		Debug|Any CPU = Debug|Any CPU
		Release|Any CPU = Release|Any CPU
	EndGlobalSection
	GlobalSection(ProjectConfigurationPlatforms) = postSolution
		{6B9E7B7F-6F34-4145-A57A-6C710DA61D87}.Debug|Any CPU.ActiveCfg = Debug|Any CPU
		{6B9E7B7F-6F34-4145-A57A-6C710DA61D87}.Debug|Any CPU.Build.0 = Debug|Any CPU
		{6B9E7B7F-6F34-4145-A57A-6C710DA61D87}.Release|Any CPU.ActiveCfg = Release|Any CPU
		{6B9E7B7F-6F34-4145-A57A-6C710DA61D87}.Release|Any CPU.Build.0 = Release|Any CPU
	EndGlobalSection
	GlobalSection(SolutionProperties) = preSolution
		HideSolutionNode = FALSE
	EndGlobalSection
	GlobalSection(ExtensibilityGlobals) = postSolution
		SolutionGuid = {7247AD47-BC71-48AD-B1D0-99A3B4D7673C}
	EndGlobalSection
EndGlobal
